// !$*UTF8*$!
{
	archiveVersion = 1;
	classes = {
	};
	objectVersion = 48;
	objects = {

/* Begin PBXBuildFile section */
		A2A0EA06CE590184CFEF7B75 /* Pods_Captcha.framework in Frameworks */ = {isa = PBXBuildFile; fileRef = A8588DE5E6AC9AD1D908183E /* Pods_Captcha.framework */; };
		D00DEF401FC103D900CDC5B1 /* AppDelegate.swift in Sources */ = {isa = PBXBuildFile; fileRef = D00DEF3F1FC103D900CDC5B1 /* AppDelegate.swift */; };
		D00DEF421FC103D900CDC5B1 /* ViewController.swift in Sources */ = {isa = PBXBuildFile; fileRef = D00DEF411FC103D900CDC5B1 /* ViewController.swift */; };
		D00DEF451FC103D900CDC5B1 /* Main.storyboard in Resources */ = {isa = PBXBuildFile; fileRef = D00DEF431FC103D900CDC5B1 /* Main.storyboard */; };
		D00DEF471FC103D900CDC5B1 /* Assets.xcassets in Resources */ = {isa = PBXBuildFile; fileRef = D00DEF461FC103D900CDC5B1 /* Assets.xcassets */; };
		D00DEF4A1FC103D900CDC5B1 /* LaunchScreen.storyboard in Resources */ = {isa = PBXBuildFile; fileRef = D00DEF481FC103D900CDC5B1 /* LaunchScreen.storyboard */; };
/* End PBXBuildFile section */

/* Begin PBXFileReference section */
		6CD978C0F40E8978E2810314 /* Pods-Captcha.debug.xcconfig */ = {isa = PBXFileReference; includeInIndex = 1; lastKnownFileType = text.xcconfig; name = "Pods-Captcha.debug.xcconfig"; path = "Pods/Target Support Files/Pods-Captcha/Pods-Captcha.debug.xcconfig"; sourceTree = "<group>"; };
		A8588DE5E6AC9AD1D908183E /* Pods_Captcha.framework */ = {isa = PBXFileReference; explicitFileType = wrapper.framework; includeInIndex = 0; path = Pods_Captcha.framework; sourceTree = BUILT_PRODUCTS_DIR; };
		D00DEF3C1FC103D900CDC5B1 /* Captcha.app */ = {isa = PBXFileReference; explicitFileType = wrapper.application; includeInIndex = 0; path = Captcha.app; sourceTree = BUILT_PRODUCTS_DIR; };
		D00DEF3F1FC103D900CDC5B1 /* AppDelegate.swift */ = {isa = PBXFileReference; lastKnownFileType = sourcecode.swift; path = AppDelegate.swift; sourceTree = "<group>"; };
		D00DEF411FC103D900CDC5B1 /* ViewController.swift */ = {isa = PBXFileReference; lastKnownFileType = sourcecode.swift; path = ViewController.swift; sourceTree = "<group>"; };
		D00DEF441FC103D900CDC5B1 /* Base */ = {isa = PBXFileReference; lastKnownFileType = file.storyboard; name = Base; path = Base.lproj/Main.storyboard; sourceTree = "<group>"; };
		D00DEF461FC103D900CDC5B1 /* Assets.xcassets */ = {isa = PBXFileReference; lastKnownFileType = folder.assetcatalog; path = Assets.xcassets; sourceTree = "<group>"; };
		D00DEF491FC103D900CDC5B1 /* Base */ = {isa = PBXFileReference; lastKnownFileType = file.storyboard; name = Base; path = Base.lproj/LaunchScreen.storyboard; sourceTree = "<group>"; };
		D00DEF4B1FC103D900CDC5B1 /* Info.plist */ = {isa = PBXFileReference; lastKnownFileType = text.plist.xml; path = Info.plist; sourceTree = "<group>"; };
		EEF11C4E141B38FC072DFAAC /* Pods-Captcha.release.xcconfig */ = {isa = PBXFileReference; includeInIndex = 1; lastKnownFileType = text.xcconfig; name = "Pods-Captcha.release.xcconfig"; path = "Pods/Target Support Files/Pods-Captcha/Pods-Captcha.release.xcconfig"; sourceTree = "<group>"; };
/* End PBXFileReference section */

/* Begin PBXFrameworksBuildPhase section */
		D00DEF391FC103D900CDC5B1 /* Frameworks */ = {
			isa = PBXFrameworksBuildPhase;
			buildActionMask = 2147483647;
			files = (
				A2A0EA06CE590184CFEF7B75 /* Pods_Captcha.framework in Frameworks */,
			);
			runOnlyForDeploymentPostprocessing = 0;
		};
/* End PBXFrameworksBuildPhase section */

/* Begin PBXGroup section */
		8754030F3C419090FCFD6D25 /* Frameworks */ = {
			isa = PBXGroup;
			children = (
				A8588DE5E6AC9AD1D908183E /* Pods_Captcha.framework */,
			);
			name = Frameworks;
			sourceTree = "<group>";
		};
		D00DEF331FC103D900CDC5B1 = {
			isa = PBXGroup;
			children = (
				D00DEF3E1FC103D900CDC5B1 /* Captcha */,
				D00DEF3D1FC103D900CDC5B1 /* Products */,
				EA4EF3DF87A8E4DC2ACF8992 /* Pods */,
				8754030F3C419090FCFD6D25 /* Frameworks */,
			);
			sourceTree = "<group>";
		};
		D00DEF3D1FC103D900CDC5B1 /* Products */ = {
			isa = PBXGroup;
			children = (
				D00DEF3C1FC103D900CDC5B1 /* Captcha.app */,
			);
			name = Products;
			sourceTree = "<group>";
		};
		D00DEF3E1FC103D900CDC5B1 /* Captcha */ = {
			isa = PBXGroup;
			children = (
				D00DEF3F1FC103D900CDC5B1 /* AppDelegate.swift */,
				D00DEF411FC103D900CDC5B1 /* ViewController.swift */,
				D00DEF431FC103D900CDC5B1 /* Main.storyboard */,
				D00DEF461FC103D900CDC5B1 /* Assets.xcassets */,
				D00DEF481FC103D900CDC5B1 /* LaunchScreen.storyboard */,
				D00DEF4B1FC103D900CDC5B1 /* Info.plist */,
			);
			path = Captcha;
			sourceTree = "<group>";
		};
		EA4EF3DF87A8E4DC2ACF8992 /* Pods */ = {
			isa = PBXGroup;
			children = (
				6CD978C0F40E8978E2810314 /* Pods-Captcha.debug.xcconfig */,
				EEF11C4E141B38FC072DFAAC /* Pods-Captcha.release.xcconfig */,
			);
			name = Pods;
			sourceTree = "<group>";
		};
/* End PBXGroup section */

/* Begin PBXNativeTarget section */
		D00DEF3B1FC103D900CDC5B1 /* Captcha */ = {
			isa = PBXNativeTarget;
			buildConfigurationList = D00DEF4E1FC103D900CDC5B1 /* Build configuration list for PBXNativeTarget "Captcha" */;
			buildPhases = (
				C7BFED27111FF67C09454F04 /* [CP] Check Pods Manifest.lock */,
				D00DEF381FC103D900CDC5B1 /* Sources */,
				D00DEF391FC103D900CDC5B1 /* Frameworks */,
				D00DEF3A1FC103D900CDC5B1 /* Resources */,
				69C82AA6C93F04823838CC65 /* [CP] Embed Pods Frameworks */,
				CFC8ACA666113FA61FE841C8 /* [CP] Copy Pods Resources */,
			);
			buildRules = (
			);
			dependencies = (
			);
			name = Captcha;
			productName = Captcha;
			productReference = D00DEF3C1FC103D900CDC5B1 /* Captcha.app */;
			productType = "com.apple.product-type.application";
		};
/* End PBXNativeTarget section */

/* Begin PBXProject section */
		D00DEF341FC103D900CDC5B1 /* Project object */ = {
			isa = PBXProject;
			attributes = {
				LastSwiftUpdateCheck = 0900;
				LastUpgradeCheck = 0900;
				ORGANIZATIONNAME = "Peter Soboyejo";
				TargetAttributes = {
					D00DEF3B1FC103D900CDC5B1 = {
						CreatedOnToolsVersion = 9.0;
						ProvisioningStyle = Automatic;
					};
				};
			};
			buildConfigurationList = D00DEF371FC103D900CDC5B1 /* Build configuration list for PBXProject "Captcha" */;
			compatibilityVersion = "Xcode 8.0";
			developmentRegion = en;
			hasScannedForEncodings = 0;
			knownRegions = (
				en,
				Base,
			);
			mainGroup = D00DEF331FC103D900CDC5B1;
			productRefGroup = D00DEF3D1FC103D900CDC5B1 /* Products */;
			projectDirPath = "";
			projectRoot = "";
			targets = (
				D00DEF3B1FC103D900CDC5B1 /* Captcha */,
			);
		};
/* End PBXProject section */

/* Begin PBXResourcesBuildPhase section */
		D00DEF3A1FC103D900CDC5B1 /* Resources */ = {
			isa = PBXResourcesBuildPhase;
			buildActionMask = 2147483647;
			files = (
				D00DEF4A1FC103D900CDC5B1 /* LaunchScreen.storyboard in Resources */,
				D00DEF471FC103D900CDC5B1 /* Assets.xcassets in Resources */,
				D00DEF451FC103D900CDC5B1 /* Main.storyboard in Resources */,
			);
			runOnlyForDeploymentPostprocessing = 0;
		};
/* End PBXResourcesBuildPhase section */

/* Begin PBXShellScriptBuildPhase section */
		69C82AA6C93F04823838CC65 /* [CP] Embed Pods Frameworks */ = {
			isa = PBXShellScriptBuildPhase;
			buildActionMask = 2147483647;
			files = (
			);
			inputPaths = (
				"${SRCROOT}/Pods/Target Support Files/Pods-Captcha/Pods-Captcha-frameworks.sh",
				"${BUILT_PRODUCTS_DIR}/Realm/Realm.framework",
				"${BUILT_PRODUCTS_DIR}/RealmSwift/RealmSwift.framework",
				"${BUILT_PRODUCTS_DIR}/SVProgressHUD/SVProgressHUD.framework",
				"${BUILT_PRODUCTS_DIR}/SwiftyJSON/SwiftyJSON.framework",
			);
			name = "[CP] Embed Pods Frameworks";
			outputPaths = (
				"${TARGET_BUILD_DIR}/${FRAMEWORKS_FOLDER_PATH}/Realm.framework",
				"${TARGET_BUILD_DIR}/${FRAMEWORKS_FOLDER_PATH}/RealmSwift.framework",
				"${TARGET_BUILD_DIR}/${FRAMEWORKS_FOLDER_PATH}/SVProgressHUD.framework",
				"${TARGET_BUILD_DIR}/${FRAMEWORKS_FOLDER_PATH}/SwiftyJSON.framework",
			);
			runOnlyForDeploymentPostprocessing = 0;
			shellPath = /bin/sh;
			shellScript = "\"${SRCROOT}/Pods/Target Support Files/Pods-Captcha/Pods-Captcha-frameworks.sh\"\n";
			showEnvVarsInLog = 0;
		};
		C7BFED27111FF67C09454F04 /* [CP] Check Pods Manifest.lock */ = {
			isa = PBXShellScriptBuildPhase;
			buildActionMask = 2147483647;
			files = (
			);
			inputPaths = (
				"${PODS_PODFILE_DIR_PATH}/Podfile.lock",
				"${PODS_ROOT}/Manifest.lock",
			);
			name = "[CP] Check Pods Manifest.lock";
			outputPaths = (
				"$(DERIVED_FILE_DIR)/Pods-Captcha-checkManifestLockResult.txt",
			);
			runOnlyForDeploymentPostprocessing = 0;
			shellPath = /bin/sh;
			shellScript = "diff \"${PODS_PODFILE_DIR_PATH}/Podfile.lock\" \"${PODS_ROOT}/Manifest.lock\" > /dev/null\nif [ $? != 0 ] ; then\n    # print error to STDERR\n    echo \"error: The sandbox is not in sync with the Podfile.lock. Run 'pod install' or update your CocoaPods installation.\" >&2\n    exit 1\nfi\n# This output is used by Xcode 'outputs' to avoid re-running this script phase.\necho \"SUCCESS\" > \"${SCRIPT_OUTPUT_FILE_0}\"\n";
			showEnvVarsInLog = 0;
		};
		CFC8ACA666113FA61FE841C8 /* [CP] Copy Pods Resources */ = {
			isa = PBXShellScriptBuildPhase;
			buildActionMask = 2147483647;
			files = (
			);
			inputPaths = (
			);
			name = "[CP] Copy Pods Resources";
			outputPaths = (
			);
			runOnlyForDeploymentPostprocessing = 0;
			shellPath = /bin/sh;
			shellScript = "\"${SRCROOT}/Pods/Target Support Files/Pods-Captcha/Pods-Captcha-resources.sh\"\n";
			showEnvVarsInLog = 0;
		};
/* End PBXShellScriptBuildPhase section */

/* Begin PBXSourcesBuildPhase section */
		D00DEF381FC103D900CDC5B1 /* Sources */ = {
			isa = PBXSourcesBuildPhase;
			buildActionMask = 2147483647;
			files = (
				D00DEF421FC103D900CDC5B1 /* ViewController.swift in Sources */,
				D00DEF401FC103D900CDC5B1 /* AppDelegate.swift in Sources */,
			);
			runOnlyForDeploymentPostprocessing = 0;
		};
/* End PBXSourcesBuildPhase section */

/* Begin PBXVariantGroup section */
		D00DEF431FC103D900CDC5B1 /* Main.storyboard */ = {
			isa = PBXVariantGroup;
			children = (
				D00DEF441FC103D900CDC5B1 /* Base */,
			);
			name = Main.storyboard;
			sourceTree = "<group>";
		};
		D00DEF481FC103D900CDC5B1 /* LaunchScreen.storyboard */ = {
			isa = PBXVariantGroup;
			children = (
				D00DEF491FC103D900CDC5B1 /* Base */,
			);
			name = LaunchScreen.storyboard;
			sourceTree = "<group>";
		};
/* End PBXVariantGroup section */

/* Begin XCBuildConfiguration section */
		D00DEF4C1FC103D900CDC5B1 /* Debug */ = {
			isa = XCBuildConfiguration;
			buildSettings = {
				ALWAYS_SEARCH_USER_PATHS = NO;
				CLANG_ANALYZER_NONNULL = YES;
				CLANG_ANALYZER_NUMBER_OBJECT_CONVERSION = YES_AGGRESSIVE;
				CLANG_CXX_LANGUAGE_STANDARD = "gnu++14";
				CLANG_CXX_LIBRARY = "libc++";
				CLANG_ENABLE_MODULES = YES;
				CLANG_ENABLE_OBJC_ARC = YES;
				CLANG_WARN_BLOCK_CAPTURE_AUTORELEASING = YES;
				CLANG_WARN_BOOL_CONVERSION = YES;
				CLANG_WARN_COMMA = YES;
				CLANG_WARN_CONSTANT_CONVERSION = YES;
				CLANG_WARN_DIRECT_OBJC_ISA_USAGE = YES_ERROR;
				CLANG_WARN_DOCUMENTATION_COMMENTS = YES;
				CLANG_WARN_EMPTY_BODY = YES;
				CLANG_WARN_ENUM_CONVERSION = YES;
				CLANG_WARN_INFINITE_RECURSION = YES;
				CLANG_WARN_INT_CONVERSION = YES;
				CLANG_WARN_NON_LITERAL_NULL_CONVERSION = YES;
				CLANG_WARN_OBJC_LITERAL_CONVERSION = YES;
				CLANG_WARN_OBJC_ROOT_CLASS = YES_ERROR;
				CLANG_WARN_RANGE_LOOP_ANALYSIS = YES;
				CLANG_WARN_STRICT_PROTOTYPES = YES;
				CLANG_WARN_SUSPICIOUS_MOVE = YES;
				CLANG_WARN_UNGUARDED_AVAILABILITY = YES_AGGRESSIVE;
				CLANG_WARN_UNREACHABLE_CODE = YES;
				CLANG_WARN__DUPLICATE_METHOD_MATCH = YES;
				CODE_SIGN_IDENTITY = "iPhone Developer";
				COPY_PHASE_STRIP = NO;
				DEBUG_INFORMATION_FORMAT = dwarf;
				ENABLE_STRICT_OBJC_MSGSEND = YES;
				ENABLE_TESTABILITY = YES;
				GCC_C_LANGUAGE_STANDARD = gnu11;
				GCC_DYNAMIC_NO_PIC = NO;
				GCC_NO_COMMON_BLOCKS = YES;
				GCC_OPTIMIZATION_LEVEL = 0;
				GCC_PREPROCESSOR_DEFINITIONS = (
					"DEBUG=1",
					"$(inherited)",
				);
				GCC_WARN_64_TO_32_BIT_CONVERSION = YES;
				GCC_WARN_ABOUT_RETURN_TYPE = YES_ERROR;
				GCC_WARN_UNDECLARED_SELECTOR = YES;
				GCC_WARN_UNINITIALIZED_AUTOS = YES_AGGRESSIVE;
				GCC_WARN_UNUSED_FUNCTION = YES;
				GCC_WARN_UNUSED_VARIABLE = YES;
				IPHONEOS_DEPLOYMENT_TARGET = 11.0;
				MTL_ENABLE_DEBUG_INFO = YES;
				ONLY_ACTIVE_ARCH = YES;
				SDKROOT = iphoneos;
				SWIFT_ACTIVE_COMPILATION_CONDITIONS = DEBUG;
				SWIFT_OPTIMIZATION_LEVEL = "-Onone";
			};
			name = Debug;
		};
		D00DEF4D1FC103D900CDC5B1 /* Release */ = {
			isa = XCBuildConfiguration;
			buildSettings = {
				ALWAYS_SEARCH_USER_PATHS = NO;
				CLANG_ANALYZER_NONNULL = YES;
				CLANG_ANALYZER_NUMBER_OBJECT_CONVERSION = YES_AGGRESSIVE;
				CLANG_CXX_LANGUAGE_STANDARD = "gnu++14";
				CLANG_CXX_LIBRARY = "libc++";
				CLANG_ENABLE_MODULES = YES;
				CLANG_ENABLE_OBJC_ARC = YES;
				CLANG_WARN_BLOCK_CAPTURE_AUTORELEASING = YES;
				CLANG_WARN_BOOL_CONVERSION = YES;
				CLANG_WARN_COMMA = YES;
				CLANG_WARN_CONSTANT_CONVERSION = YES;
				CLANG_WARN_DIRECT_OBJC_ISA_USAGE = YES_ERROR;
				CLANG_WARN_DOCUMENTATION_COMMENTS = YES;
				CLANG_WARN_EMPTY_BODY = YES;
				CLANG_WARN_ENUM_CONVERSION = YES;
				CLANG_WARN_INFINITE_RECURSION = YES;
				CLANG_WARN_INT_CONVERSION = YES;
				CLANG_WARN_NON_LITERAL_NULL_CONVERSION = YES;
				CLANG_WARN_OBJC_LITERAL_CONVERSION = YES;
				CLANG_WARN_OBJC_ROOT_CLASS = YES_ERROR;
				CLANG_WARN_RANGE_LOOP_ANALYSIS = YES;
				CLANG_WARN_STRICT_PROTOTYPES = YES;
				CLANG_WARN_SUSPICIOUS_MOVE = YES;
				CLANG_WARN_UNGUARDED_AVAILABILITY = YES_AGGRESSIVE;
				CLANG_WARN_UNREACHABLE_CODE = YES;
				CLANG_WARN__DUPLICATE_METHOD_MATCH = YES;
				CODE_SIGN_IDENTITY = "iPhone Developer";
				COPY_PHASE_STRIP = NO;
				DEBUG_INFORMATION_FORMAT = "dwarf-with-dsym";
				ENABLE_NS_ASSERTIONS = NO;
				ENABLE_STRICT_OBJC_MSGSEND = YES;
				GCC_C_LANGUAGE_STANDARD = gnu11;
				GCC_NO_COMMON_BLOCKS = YES;
				GCC_WARN_64_TO_32_BIT_CONVERSION = YES;
				GCC_WARN_ABOUT_RETURN_TYPE = YES_ERROR;
				GCC_WARN_UNDECLARED_SELECTOR = YES;
				GCC_WARN_UNINITIALIZED_AUTOS = YES_AGGRESSIVE;
				GCC_WARN_UNUSED_FUNCTION = YES;
				GCC_WARN_UNUSED_VARIABLE = YES;
				IPHONEOS_DEPLOYMENT_TARGET = 11.0;
				MTL_ENABLE_DEBUG_INFO = NO;
				SDKROOT = iphoneos;
				SWIFT_OPTIMIZATION_LEVEL = "-Owholemodule";
				VALIDATE_PRODUCT = YES;
			};
			name = Release;
		};
		D00DEF4F1FC103D900CDC5B1 /* Debug */ = {
			isa = XCBuildConfiguration;
			baseConfigurationReference = 6CD978C0F40E8978E2810314 /* Pods-Captcha.debug.xcconfig */;
			buildSettings = {
				ASSETCATALOG_COMPILER_APPICON_NAME = AppIcon;
				CODE_SIGN_STYLE = Automatic;
				DEVELOPMENT_TEAM = F62D38X3Q2;
				INFOPLIST_FILE = Captcha/Info.plist;
				LD_RUNPATH_SEARCH_PATHS = "$(inherited) @executable_path/Frameworks";
				PRODUCT_BUNDLE_IDENTIFIER = com.petersoboyejo.Captcha;
				PRODUCT_NAME = "$(TARGET_NAME)";
				SWIFT_VERSION = 4.0;
				TARGETED_DEVICE_FAMILY = "1,2";
			};
			name = Debug;
		};
		D00DEF501FC103D900CDC5B1 /* Release */ = {
			isa = XCBuildConfiguration;
			baseConfigurationReference = EEF11C4E141B38FC072DFAAC /* Pods-Captcha.release.xcconfig */;
			buildSettings = {
				ASSETCATALOG_COMPILER_APPICON_NAME = AppIcon;
				CODE_SIGN_STYLE = Automatic;
				DEVELOPMENT_TEAM = F62D38X3Q2;
				INFOPLIST_FILE = Captcha/Info.plist;
				LD_RUNPATH_SEARCH_PATHS = "$(inherited) @executable_path/Frameworks";
				PRODUCT_BUNDLE_IDENTIFIER = com.petersoboyejo.Captcha;
				PRODUCT_NAME = "$(TARGET_NAME)";
				SWIFT_VERSION = 4.0;
				TARGETED_DEVICE_FAMILY = "1,2";
			};
			name = Release;
		};
/* End XCBuildConfiguration section */

/* Begin XCConfigurationList section */
		D00DEF371FC103D900CDC5B1 /* Build configuration list for PBXProject "Captcha" */ = {
			isa = XCConfigurationList;
			buildConfigurations = (
				D00DEF4C1FC103D900CDC5B1 /* Debug */,
				D00DEF4D1FC103D900CDC5B1 /* Release */,
			);
			defaultConfigurationIsVisible = 0;
			defaultConfigurationName = Release;
		};
		D00DEF4E1FC103D900CDC5B1 /* Build configuration list for PBXNativeTarget "Captcha" */ = {
			isa = XCConfigurationList;
			buildConfigurations = (
				D00DEF4F1FC103D900CDC5B1 /* Debug */,
				D00DEF501FC103D900CDC5B1 /* Release */,
			);
			defaultConfigurationIsVisible = 0;
			defaultConfigurationName = Release;
		};
/* End XCConfigurationList section */
	};
	rootObject = D00DEF341FC103D900CDC5B1 /* Project object */;
}
